
Microsoft Visual Studio Solution File, Format Version 12.00
# Visual Studio Version 17
VisualStudioVersion = 17.3.32804.467
MinimumVisualStudioVersion = 10.0.40219.1
Project("{FAE04EC0-301F-11D3-BF4B-00C04F79EFBC}") = "MVCBasics", "MVCBasics\MVCBasics.csproj", "{6F663867-EF30-449A-B4C1-423C6A5D9DBA}"
EndProject
Global
	GlobalSection(SolutionConfigurationPlatforms) = preSolution
		Debug|Any CPU = Debug|Any CPU
		Release|Any CPU = Release|Any CPU
	EndGlobalSection
	GlobalSection(ProjectConfigurationPlatforms) = postSolution
		{6F663867-EF30-449A-B4C1-423C6A5D9DBA}.Debug|Any CPU.ActiveCfg = Debug|Any CPU
		{6F663867-EF30-449A-B4C1-423C6A5D9DBA}.Debug|Any CPU.Build.0 = Debug|Any CPU
		{6F663867-EF30-449A-B4C1-423C6A5D9DBA}.Release|Any CPU.ActiveCfg = Release|Any CPU
		{6F663867-EF30-449A-B4C1-423C6A5D9DBA}.Release|Any CPU.Build.0 = Release|Any CPU
	EndGlobalSection
	GlobalSection(SolutionProperties) = preSolution
		HideSolutionNode = FALSE
	EndGlobalSection
	GlobalSection(ExtensibilityGlobals) = postSolution
		SolutionGuid = {686C5DC6-F9E8-42CC-97BB-6BDFFDFC7AF5}
	EndGlobalSection
EndGlobal
